{
  "name": "ai-research-tui",
  "version": "0.1.0",
  "lockfileVersion": 3,
  "requires": true,
  "packages": {
    "": {
      "name": "ai-research-tui",
      "version": "0.1.0",
      "license": "MIT",
      "dependencies": {
        "@sullux/tui": "file:../../tui"
      }
    },
    "../../tui": {
      "name": "@sullux/tui",
      "version": "1.0.2",
      "license": "MIT",
      "dependencies": {
        "js-yaml": "^4.1.0"
      },
      "engines": {
        "node": ">=18.0.0"
      }
    },
    "node_modules/@sullux/tui": {
      "resolved": "../../tui",
      "link": true
    }
  }
}
