# THIS IS AN AUTOGENERATED FILE. DO NOT EDIT THIS FILE DIRECTLY.
# yarn lockfile v1


"@sullux/tui@^1.0.2":
  version "1.0.2"
  resolved "https://registry.yarnpkg.com/@sullux/tui/-/tui-1.0.2.tgz#74852f8006c99111fa1273b603c416115ea679b8"
  integrity sha512-kWRQKpyh6IijyjYviYgGmCGrdaLMva6ActTF6mwiyA1Vw4zvltk94zLlkoTzF3zQw3vXxWwkAPWxqXLBcjZ+OA==
  dependencies:
    js-yaml "^4.1.0"

argparse@^2.0.1:
  version "2.0.1"
  resolved "https://registry.yarnpkg.com/argparse/-/argparse-2.0.1.tgz#246f50f3ca78a3240f6c997e8a9bd1eac49e4b38"
  integrity sha512-8+9WqebbFzpX9OR+Wa6O29asIogeRMzcGtAINdpMHHyAg10f05aSFVBbcEqGf/PXw1EjAZ+q2/bEBg3DvurK3Q==

js-yaml@^4.1.0:
  version "4.3.2"
  resolved "https://registry.yarnpkg.com/js-yaml/-/js-yaml-4.3.2.tgz#8e44fb14a2643c59726bb15787b5f1512cb3d3fb"
  integrity sha512-SFNOvSJ+Dgf/9An904Yx+CgSlIPCkIpao4qo51lpee25TIRejdH3rhR4EZMGoNx3/TP3O+wzWuiTFl4sqbltzA==
  dependencies:
    argparse "^2.0.1"
